// !$*UTF8*$!
{
	archiveVersion = 1;
	classes = {
	};
	objectVersion = 55;
	objects = {

/* Begin PBXBuildFile section */
		8FB928F928AB5B06009D8826 /* AppDelegate.swift in Sources */ = {isa = PBXBuildFile; fileRef = 8FB928F828AB5B06009D8826 /* AppDelegate.swift */; };
		8FB928FB28AB5B06009D8826 /* SceneDelegate.swift in Sources */ = {isa = PBXBuildFile; fileRef = 8FB928FA28AB5B06009D8826 /* SceneDelegate.swift */; };
		8FB928FD28AB5B06009D8826 /* ViewController.swift in Sources */ = {isa = PBXBuildFile; fileRef = 8FB928FC28AB5B06009D8826 /* ViewController.swift */; };
		8FB9290028AB5B06009D8826 /* Main.storyboard in Resources */ = {isa = PBXBuildFile; fileRef = 8FB928FE28AB5B06009D8826 /* Main.storyboard */; };
		8FB9290228AB5B06009D8826 /* Assets.xcassets in Resources */ = {isa = PBXBuildFile; fileRef = 8FB9290128AB5B06009D8826 /* Assets.xcassets */; };
		8FB9290528AB5B06009D8826 /* LaunchScreen.storyboard in Resources */ = {isa = PBXBuildFile; fileRef = 8FB9290328AB5B06009D8826 /* LaunchScreen.storyboard */; };
		8FB9291828AB641F009D8826 /* subway_logo.png in Resources */ = {isa = PBXBuildFile; fileRef = 8FB9291728AB641F009D8826 /* subway_logo.png */; };
		8FB9292628AB7490009D8826 /* appInfo_4.jpg in Resources */ = {isa = PBXBuildFile; fileRef = 8FB9292028AB7490009D8826 /* appInfo_4.jpg */; };
		8FB9292728AB7490009D8826 /* appInfo_5.jpg in Resources */ = {isa = PBXBuildFile; fileRef = 8FB9292128AB7490009D8826 /* appInfo_5.jpg */; };
		8FB9292828AB7490009D8826 /* appInfo_3.jpg in Resources */ = {isa = PBXBuildFile; fileRef = 8FB9292228AB7490009D8826 /* appInfo_3.jpg */; };
		8FB9292928AB7490009D8826 /* appInfo_2.jpg in Resources */ = {isa = PBXBuildFile; fileRef = 8FB9292328AB7490009D8826 /* appInfo_2.jpg */; };
		8FB9292A28AB7490009D8826 /* appInfo_1.jpg in Resources */ = {isa = PBXBuildFile; fileRef = 8FB9292428AB7490009D8826 /* appInfo_1.jpg */; };
		8FB9292B28AB7490009D8826 /* appInfo_6.jpg in Resources */ = {isa = PBXBuildFile; fileRef = 8FB9292528AB7490009D8826 /* appInfo_6.jpg */; };
		8FB9293E28ABBB13009D8826 /* HomeViewController.swift in Sources */ = {isa = PBXBuildFile; fileRef = 8FB9293C28ABBB13009D8826 /* HomeViewController.swift */; };
		8FB9293F28ABBB13009D8826 /* HomeViewController.xib in Resources */ = {isa = PBXBuildFile; fileRef = 8FB9293D28ABBB13009D8826 /* HomeViewController.xib */; };
		8FB9294328AFEEDD009D8826 /* HomeSubViewController.swift in Sources */ = {isa = PBXBuildFile; fileRef = 8FB9294128AFEEDD009D8826 /* HomeSubViewController.swift */; };
		8FB9294428AFEEDD009D8826 /* HomeSubViewController.xib in Resources */ = {isa = PBXBuildFile; fileRef = 8FB9294228AFEEDD009D8826 /* HomeSubViewController.xib */; };
		8FB9294628AFF10E009D8826 /* map.jpeg in Resources */ = {isa = PBXBuildFile; fileRef = 8FB9294528AFF10E009D8826 /* map.jpeg */; };
		8FB9294928AFF3FB009D8826 /* InputPopupViewController.swift in Sources */ = {isa = PBXBuildFile; fileRef = 8FB9294728AFF3FB009D8826 /* InputPopupViewController.swift */; };
		8FB9294A28AFF3FB009D8826 /* InputPopupViewController.xib in Resources */ = {isa = PBXBuildFile; fileRef = 8FB9294828AFF3FB009D8826 /* InputPopupViewController.xib */; };
		8FB9294E28AFFC89009D8826 /* PickStoreViewController.swift in Sources */ = {isa = PBXBuildFile; fileRef = 8FB9294C28AFFC89009D8826 /* PickStoreViewController.swift */; };
		8FB9294F28AFFC89009D8826 /* PickStoreViewController.xib in Resources */ = {isa = PBXBuildFile; fileRef = 8FB9294D28AFFC89009D8826 /* PickStoreViewController.xib */; };
		8FB9295128B00519009D8826 /* map2.jpeg in Resources */ = {isa = PBXBuildFile; fileRef = 8FB9295028B00519009D8826 /* map2.jpeg */; };
		8FB9295528B00671009D8826 /* PickStoreTableViewCell.swift in Sources */ = {isa = PBXBuildFile; fileRef = 8FB9295328B00671009D8826 /* PickStoreTableViewCell.swift */; };
		8FB9295628B00671009D8826 /* PickStoreTableViewCell.xib in Resources */ = {isa = PBXBuildFile; fileRef = 8FB9295428B00671009D8826 /* PickStoreTableViewCell.xib */; };
		8FB9295828B00F11009D8826 /* BaseViewController.swift in Sources */ = {isa = PBXBuildFile; fileRef = 8FB9295728B00F11009D8826 /* BaseViewController.swift */; };
		8FB9295C28B01152009D8826 /* PickMenuViewController.swift in Sources */ = {isa = PBXBuildFile; fileRef = 8FB9295A28B01152009D8826 /* PickMenuViewController.swift */; };
		8FB9295D28B01152009D8826 /* PickMenuViewController.xib in Resources */ = {isa = PBXBuildFile; fileRef = 8FB9295B28B01152009D8826 /* PickMenuViewController.xib */; };
		8FB9296128B017F8009D8826 /* PickMenuTableViewCell.swift in Sources */ = {isa = PBXBuildFile; fileRef = 8FB9295F28B017F8009D8826 /* PickMenuTableViewCell.swift */; };
		8FB9296228B017F8009D8826 /* PickMenuTableViewCell.xib in Resources */ = {isa = PBXBuildFile; fileRef = 8FB9296028B017F8009D8826 /* PickMenuTableViewCell.xib */; };
		8FB9296428B018B0009D8826 /* 스크린샷 2022-08-20 오전 4.14.48.png in Resources */ = {isa = PBXBuildFile; fileRef = 8FB9296328B018B0009D8826 /* 스크린샷 2022-08-20 오전 4.14.48.png */; };
		8FB9296628B02235009D8826 /* 스크린샷 2022-08-20 오전 4.55.27.png in Resources */ = {isa = PBXBuildFile; fileRef = 8FB9296528B02235009D8826 /* 스크린샷 2022-08-20 오전 4.55.27.png */; };
		8FB9296928B02320009D8826 /* OrderViewController.swift in Sources */ = {isa = PBXBuildFile; fileRef = 8FB9296828B02320009D8826 /* OrderViewController.swift */; };
		8FB9296B28B02391009D8826 /* KakaoTalk_Photo_2022-08-20-05-01-10.jpeg in Resources */ = {isa = PBXBuildFile; fileRef = 8FB9296A28B02391009D8826 /* KakaoTalk_Photo_2022-08-20-05-01-10.jpeg */; };
		8FB9296D28B06452009D8826 /* Simulator Screen Shot - iPhone 12 Pro - 2022-08-20 at 09.37.20.png in Resources */ = {isa = PBXBuildFile; fileRef = 8FB9296C28B06452009D8826 /* Simulator Screen Shot - iPhone 12 Pro - 2022-08-20 at 09.37.20.png */; };
/* End PBXBuildFile section */

/* Begin PBXFileReference section */
		8FB928F528AB5B06009D8826 /* RC_week2.app */ = {isa = PBXFileReference; explicitFileType = wrapper.application; includeInIndex = 0; path = RC_week2.app; sourceTree = BUILT_PRODUCTS_DIR; };
		8FB928F828AB5B06009D8826 /* AppDelegate.swift */ = {isa = PBXFileReference; lastKnownFileType = sourcecode.swift; path = AppDelegate.swift; sourceTree = "<group>"; };
		8FB928FA28AB5B06009D8826 /* SceneDelegate.swift */ = {isa = PBXFileReference; lastKnownFileType = sourcecode.swift; path = SceneDelegate.swift; sourceTree = "<group>"; };
		8FB928FC28AB5B06009D8826 /* ViewController.swift */ = {isa = PBXFileReference; lastKnownFileType = sourcecode.swift; path = ViewController.swift; sourceTree = "<group>"; };
		8FB928FF28AB5B06009D8826 /* Base */ = {isa = PBXFileReference; lastKnownFileType = file.storyboard; name = Base; path = Base.lproj/Main.storyboard; sourceTree = "<group>"; };
		8FB9290128AB5B06009D8826 /* Assets.xcassets */ = {isa = PBXFileReference; lastKnownFileType = folder.assetcatalog; path = Assets.xcassets; sourceTree = "<group>"; };
		8FB9290428AB5B06009D8826 /* Base */ = {isa = PBXFileReference; lastKnownFileType = file.storyboard; name = Base; path = Base.lproj/LaunchScreen.storyboard; sourceTree = "<group>"; };
		8FB9290628AB5B06009D8826 /* Info.plist */ = {isa = PBXFileReference; lastKnownFileType = text.plist.xml; path = Info.plist; sourceTree = "<group>"; };
		8FB9291728AB641F009D8826 /* subway_logo.png */ = {isa = PBXFileReference; lastKnownFileType = image.png; path = subway_logo.png; sourceTree = "<group>"; };
		8FB9292028AB7490009D8826 /* appInfo_4.jpg */ = {isa = PBXFileReference; lastKnownFileType = image.jpeg; path = appInfo_4.jpg; sourceTree = "<group>"; };
		8FB9292128AB7490009D8826 /* appInfo_5.jpg */ = {isa = PBXFileReference; lastKnownFileType = image.jpeg; path = appInfo_5.jpg; sourceTree = "<group>"; };
		8FB9292228AB7490009D8826 /* appInfo_3.jpg */ = {isa = PBXFileReference; lastKnownFileType = image.jpeg; path = appInfo_3.jpg; sourceTree = "<group>"; };
		8FB9292328AB7490009D8826 /* appInfo_2.jpg */ = {isa = PBXFileReference; lastKnownFileType = image.jpeg; path = appInfo_2.jpg; sourceTree = "<group>"; };
		8FB9292428AB7490009D8826 /* appInfo_1.jpg */ = {isa = PBXFileReference; lastKnownFileType = image.jpeg; path = appInfo_1.jpg; sourceTree = "<group>"; };
		8FB9292528AB7490009D8826 /* appInfo_6.jpg */ = {isa = PBXFileReference; lastKnownFileType = image.jpeg; path = appInfo_6.jpg; sourceTree = "<group>"; };
		8FB9293C28ABBB13009D8826 /* HomeViewController.swift */ = {isa = PBXFileReference; lastKnownFileType = sourcecode.swift; path = HomeViewController.swift; sourceTree = "<group>"; };
		8FB9293D28ABBB13009D8826 /* HomeViewController.xib */ = {isa = PBXFileReference; lastKnownFileType = file.xib; path = HomeViewController.xib; sourceTree = "<group>"; };
		8FB9294128AFEEDD009D8826 /* HomeSubViewController.swift */ = {isa = PBXFileReference; lastKnownFileType = sourcecode.swift; path = HomeSubViewController.swift; sourceTree = "<group>"; };
		8FB9294228AFEEDD009D8826 /* HomeSubViewController.xib */ = {isa = PBXFileReference; lastKnownFileType = file.xib; path = HomeSubViewController.xib; sourceTree = "<group>"; };
		8FB9294528AFF10E009D8826 /* map.jpeg */ = {isa = PBXFileReference; lastKnownFileType = image.jpeg; path = map.jpeg; sourceTree = "<group>"; };
		8FB9294728AFF3FB009D8826 /* InputPopupViewController.swift */ = {isa = PBXFileReference; lastKnownFileType = sourcecode.swift; path = InputPopupViewController.swift; sourceTree = "<group>"; };
		8FB9294828AFF3FB009D8826 /* InputPopupViewController.xib */ = {isa = PBXFileReference; lastKnownFileType = file.xib; path = InputPopupViewController.xib; sourceTree = "<group>"; };
		8FB9294C28AFFC89009D8826 /* PickStoreViewController.swift */ = {isa = PBXFileReference; lastKnownFileType = sourcecode.swift; path = PickStoreViewController.swift; sourceTree = "<group>"; };
		8FB9294D28AFFC89009D8826 /* PickStoreViewController.xib */ = {isa = PBXFileReference; lastKnownFileType = file.xib; path = PickStoreViewController.xib; sourceTree = "<group>"; };
		8FB9295028B00519009D8826 /* map2.jpeg */ = {isa = PBXFileReference; lastKnownFileType = image.jpeg; path = map2.jpeg; sourceTree = "<group>"; };
		8FB9295328B00671009D8826 /* PickStoreTableViewCell.swift */ = {isa = PBXFileReference; lastKnownFileType = sourcecode.swift; path = PickStoreTableViewCell.swift; sourceTree = "<group>"; };
		8FB9295428B00671009D8826 /* PickStoreTableViewCell.xib */ = {isa = PBXFileReference; lastKnownFileType = file.xib; path = PickStoreTableViewCell.xib; sourceTree = "<group>"; };
		8FB9295728B00F11009D8826 /* BaseViewController.swift */ = {isa = PBXFileReference; lastKnownFileType = sourcecode.swift; path = BaseViewController.swift; sourceTree = "<group>"; };
		8FB9295A28B01152009D8826 /* PickMenuViewController.swift */ = {isa = PBXFileReference; lastKnownFileType = sourcecode.swift; path = PickMenuViewController.swift; sourceTree = "<group>"; };
		8FB9295B28B01152009D8826 /* PickMenuViewController.xib */ = {isa = PBXFileReference; lastKnownFileType = file.xib; path = PickMenuViewController.xib; sourceTree = "<group>"; };
		8FB9295F28B017F8009D8826 /* PickMenuTableViewCell.swift */ = {isa = PBXFileReference; lastKnownFileType = sourcecode.swift; path = PickMenuTableViewCell.swift; sourceTree = "<group>"; };
		8FB9296028B017F8009D8826 /* PickMenuTableViewCell.xib */ = {isa = PBXFileReference; lastKnownFileType = file.xib; path = PickMenuTableViewCell.xib; sourceTree = "<group>"; };
		8FB9296328B018B0009D8826 /* 스크린샷 2022-08-20 오전 4.14.48.png */ = {isa = PBXFileReference; lastKnownFileType = image.png; path = "스크린샷 2022-08-20 오전 4.14.48.png"; sourceTree = "<group>"; };
		8FB9296528B02235009D8826 /* 스크린샷 2022-08-20 오전 4.55.27.png */ = {isa = PBXFileReference; lastKnownFileType = image.png; path = "스크린샷 2022-08-20 오전 4.55.27.png"; sourceTree = "<group>"; };
		8FB9296828B02320009D8826 /* OrderViewController.swift */ = {isa = PBXFileReference; lastKnownFileType = sourcecode.swift; path = OrderViewController.swift; sourceTree = "<group>"; };
		8FB9296A28B02391009D8826 /* KakaoTalk_Photo_2022-08-20-05-01-10.jpeg */ = {isa = PBXFileReference; lastKnownFileType = image.jpeg; path = "KakaoTalk_Photo_2022-08-20-05-01-10.jpeg"; sourceTree = "<group>"; };
		8FB9296C28B06452009D8826 /* Simulator Screen Shot - iPhone 12 Pro - 2022-08-20 at 09.37.20.png */ = {isa = PBXFileReference; lastKnownFileType = image.png; path = "Simulator Screen Shot - iPhone 12 Pro - 2022-08-20 at 09.37.20.png"; sourceTree = "<group>"; };
/* End PBXFileReference section */

/* Begin PBXFrameworksBuildPhase section */
		8FB928F228AB5B06009D8826 /* Frameworks */ = {
			isa = PBXFrameworksBuildPhase;
			buildActionMask = 2147483647;
			files = (
			);
			runOnlyForDeploymentPostprocessing = 0;
		};
/* End PBXFrameworksBuildPhase section */

/* Begin PBXGroup section */
		8FB928EC28AB5B06009D8826 = {
			isa = PBXGroup;
			children = (
				8FB928F728AB5B06009D8826 /* RC_week2 */,
				8FB928F628AB5B06009D8826 /* Products */,
			);
			sourceTree = "<group>";
		};
		8FB928F628AB5B06009D8826 /* Products */ = {
			isa = PBXGroup;
			children = (
				8FB928F528AB5B06009D8826 /* RC_week2.app */,
			);
			name = Products;
			sourceTree = "<group>";
		};
		8FB928F728AB5B06009D8826 /* RC_week2 */ = {
			isa = PBXGroup;
			children = (
				8FB9291F28AB743B009D8826 /* Images */,
				8FB9290C28AB5EE9009D8826 /* Sources */,
				8FB928F828AB5B06009D8826 /* AppDelegate.swift */,
				8FB928FA28AB5B06009D8826 /* SceneDelegate.swift */,
				8FB9290128AB5B06009D8826 /* Assets.xcassets */,
				8FB9290328AB5B06009D8826 /* LaunchScreen.storyboard */,
				8FB9290628AB5B06009D8826 /* Info.plist */,
			);
			path = RC_week2;
			sourceTree = "<group>";
		};
		8FB9290C28AB5EE9009D8826 /* Sources */ = {
			isa = PBXGroup;
			children = (
				8FB9296728B0230C009D8826 /* Order */,
				8FB9295928B01120009D8826 /* PickMenu */,
				8FB9294B28AFFC6D009D8826 /* PickStore */,
				8FB9294028AFEEB9009D8826 /* HomeSub */,
				8FB9291A28AB724F009D8826 /* AppInfo */,
				8FB9290D28AB5EF6009D8826 /* Home */,
				8FB9295728B00F11009D8826 /* BaseViewController.swift */,
			);
			path = Sources;
			sourceTree = "<group>";
		};
		8FB9290D28AB5EF6009D8826 /* Home */ = {
			isa = PBXGroup;
			children = (
				8FB9293C28ABBB13009D8826 /* HomeViewController.swift */,
				8FB9293D28ABBB13009D8826 /* HomeViewController.xib */,
			);
			path = Home;
			sourceTree = "<group>";
		};
		8FB9291A28AB724F009D8826 /* AppInfo */ = {
			isa = PBXGroup;
			children = (
				8FB928FC28AB5B06009D8826 /* ViewController.swift */,
				8FB928FE28AB5B06009D8826 /* Main.storyboard */,
			);
			path = AppInfo;
			sourceTree = "<group>";
		};
		8FB9291F28AB743B009D8826 /* Images */ = {
			isa = PBXGroup;
			children = (
				8FB9295028B00519009D8826 /* map2.jpeg */,
				8FB9294528AFF10E009D8826 /* map.jpeg */,
				8FB9296A28B02391009D8826 /* KakaoTalk_Photo_2022-08-20-05-01-10.jpeg */,
				8FB9292428AB7490009D8826 /* appInfo_1.jpg */,
				8FB9292328AB7490009D8826 /* appInfo_2.jpg */,
				8FB9292228AB7490009D8826 /* appInfo_3.jpg */,
				8FB9292028AB7490009D8826 /* appInfo_4.jpg */,
				8FB9292128AB7490009D8826 /* appInfo_5.jpg */,
				8FB9292528AB7490009D8826 /* appInfo_6.jpg */,
				8FB9296328B018B0009D8826 /* 스크린샷 2022-08-20 오전 4.14.48.png */,
				8FB9296528B02235009D8826 /* 스크린샷 2022-08-20 오전 4.55.27.png */,
				8FB9291728AB641F009D8826 /* subway_logo.png */,
				8FB9296C28B06452009D8826 /* Simulator Screen Shot - iPhone 12 Pro - 2022-08-20 at 09.37.20.png */,
			);
			path = Images;
			sourceTree = "<group>";
		};
		8FB9294028AFEEB9009D8826 /* HomeSub */ = {
			isa = PBXGroup;
			children = (
				8FB9294128AFEEDD009D8826 /* HomeSubViewController.swift */,
				8FB9294228AFEEDD009D8826 /* HomeSubViewController.xib */,
				8FB9294728AFF3FB009D8826 /* InputPopupViewController.swift */,
				8FB9294828AFF3FB009D8826 /* InputPopupViewController.xib */,
			);
			path = HomeSub;
			sourceTree = "<group>";
		};
		8FB9294B28AFFC6D009D8826 /* PickStore */ = {
			isa = PBXGroup;
			children = (
				8FB9295228B00656009D8826 /* Cell */,
				8FB9294C28AFFC89009D8826 /* PickStoreViewController.swift */,
				8FB9294D28AFFC89009D8826 /* PickStoreViewController.xib */,
			);
			path = PickStore;
			sourceTree = "<group>";
		};
		8FB9295228B00656009D8826 /* Cell */ = {
			isa = PBXGroup;
			children = (
				8FB9295328B00671009D8826 /* PickStoreTableViewCell.swift */,
				8FB9295428B00671009D8826 /* PickStoreTableViewCell.xib */,
			);
			path = Cell;
			sourceTree = "<group>";
		};
		8FB9295928B01120009D8826 /* PickMenu */ = {
			isa = PBXGroup;
			children = (
				8FB9295E28B017E3009D8826 /* Cell */,
				8FB9295A28B01152009D8826 /* PickMenuViewController.swift */,
				8FB9295B28B01152009D8826 /* PickMenuViewController.xib */,
			);
			path = PickMenu;
			sourceTree = "<group>";
		};
		8FB9295E28B017E3009D8826 /* Cell */ = {
			isa = PBXGroup;
			children = (
				8FB9295F28B017F8009D8826 /* PickMenuTableViewCell.swift */,
				8FB9296028B017F8009D8826 /* PickMenuTableViewCell.xib */,
			);
			path = Cell;
			sourceTree = "<group>";
		};
		8FB9296728B0230C009D8826 /* Order */ = {
			isa = PBXGroup;
			children = (
				8FB9296828B02320009D8826 /* OrderViewController.swift */,
			);
			path = Order;
			sourceTree = "<group>";
		};
/* End PBXGroup section */

/* Begin PBXNativeTarget section */
		8FB928F428AB5B06009D8826 /* RC_week2 */ = {
			isa = PBXNativeTarget;
			buildConfigurationList = 8FB9290928AB5B06009D8826 /* Build configuration list for PBXNativeTarget "RC_week2" */;
			buildPhases = (
				8FB928F128AB5B06009D8826 /* Sources */,
				8FB928F228AB5B06009D8826 /* Frameworks */,
				8FB928F328AB5B06009D8826 /* Resources */,
			);
			buildRules = (
			);
			dependencies = (
			);
			name = RC_week2;
			productName = RC_week2;
			productReference = 8FB928F528AB5B06009D8826 /* RC_week2.app */;
			productType = "com.apple.product-type.application";
		};
/* End PBXNativeTarget section */

/* Begin PBXProject section */
		8FB928ED28AB5B06009D8826 /* Project object */ = {
			isa = PBXProject;
			attributes = {
				BuildIndependentTargetsInParallel = 1;
				LastSwiftUpdateCheck = 1340;
				LastUpgradeCheck = 1340;
				TargetAttributes = {
					8FB928F428AB5B06009D8826 = {
						CreatedOnToolsVersion = 13.4;
					};
				};
			};
			buildConfigurationList = 8FB928F028AB5B06009D8826 /* Build configuration list for PBXProject "RC_week2" */;
			compatibilityVersion = "Xcode 13.0";
			developmentRegion = en;
			hasScannedForEncodings = 0;
			knownRegions = (
				en,
				Base,
			);
			mainGroup = 8FB928EC28AB5B06009D8826;
			productRefGroup = 8FB928F628AB5B06009D8826 /* Products */;
			projectDirPath = "";
			projectRoot = "";
			targets = (
				8FB928F428AB5B06009D8826 /* RC_week2 */,
			);
		};
/* End PBXProject section */

/* Begin PBXResourcesBuildPhase section */
		8FB928F328AB5B06009D8826 /* Resources */ = {
			isa = PBXResourcesBuildPhase;
			buildActionMask = 2147483647;
			files = (
				8FB9294428AFEEDD009D8826 /* HomeSubViewController.xib in Resources */,
				8FB9292628AB7490009D8826 /* appInfo_4.jpg in Resources */,
				8FB9290528AB5B06009D8826 /* LaunchScreen.storyboard in Resources */,
				8FB9291828AB641F009D8826 /* subway_logo.png in Resources */,
				8FB9292828AB7490009D8826 /* appInfo_3.jpg in Resources */,
				8FB9294628AFF10E009D8826 /* map.jpeg in Resources */,
				8FB9295D28B01152009D8826 /* PickMenuViewController.xib in Resources */,
				8FB9296B28B02391009D8826 /* KakaoTalk_Photo_2022-08-20-05-01-10.jpeg in Resources */,
				8FB9294F28AFFC89009D8826 /* PickStoreViewController.xib in Resources */,
				8FB9292728AB7490009D8826 /* appInfo_5.jpg in Resources */,
				8FB9292A28AB7490009D8826 /* appInfo_1.jpg in Resources */,
				8FB9296428B018B0009D8826 /* 스크린샷 2022-08-20 오전 4.14.48.png in Resources */,
				8FB9296D28B06452009D8826 /* Simulator Screen Shot - iPhone 12 Pro - 2022-08-20 at 09.37.20.png in Resources */,
				8FB9296628B02235009D8826 /* 스크린샷 2022-08-20 오전 4.55.27.png in Resources */,
				8FB9295628B00671009D8826 /* PickStoreTableViewCell.xib in Resources */,
				8FB9292B28AB7490009D8826 /* appInfo_6.jpg in Resources */,
				8FB9290228AB5B06009D8826 /* Assets.xcassets in Resources */,
				8FB9292928AB7490009D8826 /* appInfo_2.jpg in Resources */,
				8FB9290028AB5B06009D8826 /* Main.storyboard in Resources */,
				8FB9296228B017F8009D8826 /* PickMenuTableViewCell.xib in Resources */,
				8FB9295128B00519009D8826 /* map2.jpeg in Resources */,
				8FB9294A28AFF3FB009D8826 /* InputPopupViewController.xib in Resources */,
				8FB9293F28ABBB13009D8826 /* HomeViewController.xib in Resources */,
			);
			runOnlyForDeploymentPostprocessing = 0;
		};
/* End PBXResourcesBuildPhase section */

/* Begin PBXSourcesBuildPhase section */
		8FB928F128AB5B06009D8826 /* Sources */ = {
			isa = PBXSourcesBuildPhase;
			buildActionMask = 2147483647;
			files = (
				8FB9294328AFEEDD009D8826 /* HomeSubViewController.swift in Sources */,
				8FB928FD28AB5B06009D8826 /* ViewController.swift in Sources */,
				8FB9296128B017F8009D8826 /* PickMenuTableViewCell.swift in Sources */,
				8FB928F928AB5B06009D8826 /* AppDelegate.swift in Sources */,
				8FB928FB28AB5B06009D8826 /* SceneDelegate.swift in Sources */,
				8FB9295C28B01152009D8826 /* PickMenuViewController.swift in Sources */,
				8FB9294928AFF3FB009D8826 /* InputPopupViewController.swift in Sources */,
				8FB9295828B00F11009D8826 /* BaseViewController.swift in Sources */,
				8FB9294E28AFFC89009D8826 /* PickStoreViewController.swift in Sources */,
				8FB9295528B00671009D8826 /* PickStoreTableViewCell.swift in Sources */,
				8FB9293E28ABBB13009D8826 /* HomeViewController.swift in Sources */,
				8FB9296928B02320009D8826 /* OrderViewController.swift in Sources */,
			);
			runOnlyForDeploymentPostprocessing = 0;
		};
/* End PBXSourcesBuildPhase section */

/* Begin PBXVariantGroup section */
		8FB928FE28AB5B06009D8826 /* Main.storyboard */ = {
			isa = PBXVariantGroup;
			children = (
				8FB928FF28AB5B06009D8826 /* Base */,
			);
			name = Main.storyboard;
			sourceTree = "<group>";
		};
		8FB9290328AB5B06009D8826 /* LaunchScreen.storyboard */ = {
			isa = PBXVariantGroup;
			children = (
				8FB9290428AB5B06009D8826 /* Base */,
			);
			name = LaunchScreen.storyboard;
			sourceTree = "<group>";
		};
/* End PBXVariantGroup section */

/* Begin XCBuildConfiguration section */
		8FB9290728AB5B06009D8826 /* Debug */ = {
			isa = XCBuildConfiguration;
			buildSettings = {
				ALWAYS_SEARCH_USER_PATHS = NO;
				CLANG_ANALYZER_NONNULL = YES;
				CLANG_ANALYZER_NUMBER_OBJECT_CONVERSION = YES_AGGRESSIVE;
				CLANG_CXX_LANGUAGE_STANDARD = "gnu++17";
				CLANG_ENABLE_MODULES = YES;
				CLANG_ENABLE_OBJC_ARC = YES;
				CLANG_ENABLE_OBJC_WEAK = YES;
				CLANG_WARN_BLOCK_CAPTURE_AUTORELEASING = YES;
				CLANG_WARN_BOOL_CONVERSION = YES;
				CLANG_WARN_COMMA = YES;
				CLANG_WARN_CONSTANT_CONVERSION = YES;
				CLANG_WARN_DEPRECATED_OBJC_IMPLEMENTATIONS = YES;
				CLANG_WARN_DIRECT_OBJC_ISA_USAGE = YES_ERROR;
				CLANG_WARN_DOCUMENTATION_COMMENTS = YES;
				CLANG_WARN_EMPTY_BODY = YES;
				CLANG_WARN_ENUM_CONVERSION = YES;
				CLANG_WARN_INFINITE_RECURSION = YES;
				CLANG_WARN_INT_CONVERSION = YES;
				CLANG_WARN_NON_LITERAL_NULL_CONVERSION = YES;
				CLANG_WARN_OBJC_IMPLICIT_RETAIN_SELF = YES;
				CLANG_WARN_OBJC_LITERAL_CONVERSION = YES;
				CLANG_WARN_OBJC_ROOT_CLASS = YES_ERROR;
				CLANG_WARN_QUOTED_INCLUDE_IN_FRAMEWORK_HEADER = YES;
				CLANG_WARN_RANGE_LOOP_ANALYSIS = YES;
				CLANG_WARN_STRICT_PROTOTYPES = YES;
				CLANG_WARN_SUSPICIOUS_MOVE = YES;
				CLANG_WARN_UNGUARDED_AVAILABILITY = YES_AGGRESSIVE;
				CLANG_WARN_UNREACHABLE_CODE = YES;
				CLANG_WARN__DUPLICATE_METHOD_MATCH = YES;
				COPY_PHASE_STRIP = NO;
				DEBUG_INFORMATION_FORMAT = dwarf;
				ENABLE_STRICT_OBJC_MSGSEND = YES;
				ENABLE_TESTABILITY = YES;
				GCC_C_LANGUAGE_STANDARD = gnu11;
				GCC_DYNAMIC_NO_PIC = NO;
				GCC_NO_COMMON_BLOCKS = YES;
				GCC_OPTIMIZATION_LEVEL = 0;
				GCC_PREPROCESSOR_DEFINITIONS = (
					"DEBUG=1",
					"$(inherited)",
				);
				GCC_WARN_64_TO_32_BIT_CONVERSION = YES;
				GCC_WARN_ABOUT_RETURN_TYPE = YES_ERROR;
				GCC_WARN_UNDECLARED_SELECTOR = YES;
				GCC_WARN_UNINITIALIZED_AUTOS = YES_AGGRESSIVE;
				GCC_WARN_UNUSED_FUNCTION = YES;
				GCC_WARN_UNUSED_VARIABLE = YES;
				IPHONEOS_DEPLOYMENT_TARGET = 15.5;
				MTL_ENABLE_DEBUG_INFO = INCLUDE_SOURCE;
				MTL_FAST_MATH = YES;
				ONLY_ACTIVE_ARCH = YES;
				SDKROOT = iphoneos;
				SWIFT_ACTIVE_COMPILATION_CONDITIONS = DEBUG;
				SWIFT_OPTIMIZATION_LEVEL = "-Onone";
			};
			name = Debug;
		};
		8FB9290828AB5B06009D8826 /* Release */ = {
			isa = XCBuildConfiguration;
			buildSettings = {
				ALWAYS_SEARCH_USER_PATHS = NO;
				CLANG_ANALYZER_NONNULL = YES;
				CLANG_ANALYZER_NUMBER_OBJECT_CONVERSION = YES_AGGRESSIVE;
				CLANG_CXX_LANGUAGE_STANDARD = "gnu++17";
				CLANG_ENABLE_MODULES = YES;
				CLANG_ENABLE_OBJC_ARC = YES;
				CLANG_ENABLE_OBJC_WEAK = YES;
				CLANG_WARN_BLOCK_CAPTURE_AUTORELEASING = YES;
				CLANG_WARN_BOOL_CONVERSION = YES;
				CLANG_WARN_COMMA = YES;
				CLANG_WARN_CONSTANT_CONVERSION = YES;
				CLANG_WARN_DEPRECATED_OBJC_IMPLEMENTATIONS = YES;
				CLANG_WARN_DIRECT_OBJC_ISA_USAGE = YES_ERROR;
				CLANG_WARN_DOCUMENTATION_COMMENTS = YES;
				CLANG_WARN_EMPTY_BODY = YES;
				CLANG_WARN_ENUM_CONVERSION = YES;
				CLANG_WARN_INFINITE_RECURSION = YES;
				CLANG_WARN_INT_CONVERSION = YES;
				CLANG_WARN_NON_LITERAL_NULL_CONVERSION = YES;
				CLANG_WARN_OBJC_IMPLICIT_RETAIN_SELF = YES;
				CLANG_WARN_OBJC_LITERAL_CONVERSION = YES;
				CLANG_WARN_OBJC_ROOT_CLASS = YES_ERROR;
				CLANG_WARN_QUOTED_INCLUDE_IN_FRAMEWORK_HEADER = YES;
				CLANG_WARN_RANGE_LOOP_ANALYSIS = YES;
				CLANG_WARN_STRICT_PROTOTYPES = YES;
				CLANG_WARN_SUSPICIOUS_MOVE = YES;
				CLANG_WARN_UNGUARDED_AVAILABILITY = YES_AGGRESSIVE;
				CLANG_WARN_UNREACHABLE_CODE = YES;
				CLANG_WARN__DUPLICATE_METHOD_MATCH = YES;
				COPY_PHASE_STRIP = NO;
				DEBUG_INFORMATION_FORMAT = "dwarf-with-dsym";
				ENABLE_NS_ASSERTIONS = NO;
				ENABLE_STRICT_OBJC_MSGSEND = YES;
				GCC_C_LANGUAGE_STANDARD = gnu11;
				GCC_NO_COMMON_BLOCKS = YES;
				GCC_WARN_64_TO_32_BIT_CONVERSION = YES;
				GCC_WARN_ABOUT_RETURN_TYPE = YES_ERROR;
				GCC_WARN_UNDECLARED_SELECTOR = YES;
				GCC_WARN_UNINITIALIZED_AUTOS = YES_AGGRESSIVE;
				GCC_WARN_UNUSED_FUNCTION = YES;
				GCC_WARN_UNUSED_VARIABLE = YES;
				IPHONEOS_DEPLOYMENT_TARGET = 15.5;
				MTL_ENABLE_DEBUG_INFO = NO;
				MTL_FAST_MATH = YES;
				SDKROOT = iphoneos;
				SWIFT_COMPILATION_MODE = wholemodule;
				SWIFT_OPTIMIZATION_LEVEL = "-O";
				VALIDATE_PRODUCT = YES;
			};
			name = Release;
		};
		8FB9290A28AB5B06009D8826 /* Debug */ = {
			isa = XCBuildConfiguration;
			buildSettings = {
				ASSETCATALOG_COMPILER_APPICON_NAME = AppIcon;
				ASSETCATALOG_COMPILER_GLOBAL_ACCENT_COLOR_NAME = AccentColor;
				CODE_SIGN_STYLE = Automatic;
				CURRENT_PROJECT_VERSION = 1;
				DEVELOPMENT_TEAM = J3VY94B3FG;
				GENERATE_INFOPLIST_FILE = YES;
				INFOPLIST_FILE = RC_week2/Info.plist;
				INFOPLIST_KEY_UIApplicationSupportsIndirectInputEvents = YES;
				INFOPLIST_KEY_UILaunchStoryboardName = LaunchScreen;
				INFOPLIST_KEY_UIMainStoryboardFile = Main;
				INFOPLIST_KEY_UISupportedInterfaceOrientations_iPad = "UIInterfaceOrientationPortrait UIInterfaceOrientationPortraitUpsideDown UIInterfaceOrientationLandscapeLeft UIInterfaceOrientationLandscapeRight";
				INFOPLIST_KEY_UISupportedInterfaceOrientations_iPhone = "UIInterfaceOrientationPortrait UIInterfaceOrientationLandscapeLeft UIInterfaceOrientationLandscapeRight";
				LD_RUNPATH_SEARCH_PATHS = (
					"$(inherited)",
					"@executable_path/Frameworks",
				);
				MARKETING_VERSION = 1.0;
				PRODUCT_BUNDLE_IDENTIFIER = "com.ahneve.RC-week2";
				PRODUCT_NAME = "$(TARGET_NAME)";
				SWIFT_EMIT_LOC_STRINGS = YES;
				SWIFT_VERSION = 5.0;
				TARGETED_DEVICE_FAMILY = "1,2";
			};
			name = Debug;
		};
		8FB9290B28AB5B06009D8826 /* Release */ = {
			isa = XCBuildConfiguration;
			buildSettings = {
				ASSETCATALOG_COMPILER_APPICON_NAME = AppIcon;
				ASSETCATALOG_COMPILER_GLOBAL_ACCENT_COLOR_NAME = AccentColor;
				CODE_SIGN_STYLE = Automatic;
				CURRENT_PROJECT_VERSION = 1;
				DEVELOPMENT_TEAM = J3VY94B3FG;
				GENERATE_INFOPLIST_FILE = YES;
				INFOPLIST_FILE = RC_week2/Info.plist;
				INFOPLIST_KEY_UIApplicationSupportsIndirectInputEvents = YES;
				INFOPLIST_KEY_UILaunchStoryboardName = LaunchScreen;
				INFOPLIST_KEY_UIMainStoryboardFile = Main;
				INFOPLIST_KEY_UISupportedInterfaceOrientations_iPad = "UIInterfaceOrientationPortrait UIInterfaceOrientationPortraitUpsideDown UIInterfaceOrientationLandscapeLeft UIInterfaceOrientationLandscapeRight";
				INFOPLIST_KEY_UISupportedInterfaceOrientations_iPhone = "UIInterfaceOrientationPortrait UIInterfaceOrientationLandscapeLeft UIInterfaceOrientationLandscapeRight";
				LD_RUNPATH_SEARCH_PATHS = (
					"$(inherited)",
					"@executable_path/Frameworks",
				);
				MARKETING_VERSION = 1.0;
				PRODUCT_BUNDLE_IDENTIFIER = "com.ahneve.RC-week2";
				PRODUCT_NAME = "$(TARGET_NAME)";
				SWIFT_EMIT_LOC_STRINGS = YES;
				SWIFT_VERSION = 5.0;
				TARGETED_DEVICE_FAMILY = "1,2";
			};
			name = Release;
		};
/* End XCBuildConfiguration section */

/* Begin XCConfigurationList section */
		8FB928F028AB5B06009D8826 /* Build configuration list for PBXProject "RC_week2" */ = {
			isa = XCConfigurationList;
			buildConfigurations = (
				8FB9290728AB5B06009D8826 /* Debug */,
				8FB9290828AB5B06009D8826 /* Release */,
			);
			defaultConfigurationIsVisible = 0;
			defaultConfigurationName = Release;
		};
		8FB9290928AB5B06009D8826 /* Build configuration list for PBXNativeTarget "RC_week2" */ = {
			isa = XCConfigurationList;
			buildConfigurations = (
				8FB9290A28AB5B06009D8826 /* Debug */,
				8FB9290B28AB5B06009D8826 /* Release */,
			);
			defaultConfigurationIsVisible = 0;
			defaultConfigurationName = Release;
		};
/* End XCConfigurationList section */
	};
	rootObject = 8FB928ED28AB5B06009D8826 /* Project object */;
}
